# THIS IS AN AUTOGENERATED FILE. DO NOT EDIT THIS FILE DIRECTLY.
# yarn lockfile v1


"@observablehq/inspector@^3.2.2":
  version "3.2.2"
  resolved "https://registry.yarnpkg.com/@observablehq/inspector/-/inspector-3.2.2.tgz#df4e9774e2461836a6e09ff22d79a18a9e77ee11"
  integrity sha512-HBHtruB7hcNqyapyNF77fPVpiCyqEZsmLD6rhCy7nHPaciAEPML4NtQG2QBuTkYlEu64Zulky6g3ABrD0PhX2Q==

"@observablehq/runtime@^4.8.2":
  version "4.8.2"
  resolved "https://registry.yarnpkg.com/@observablehq/runtime/-/runtime-4.8.2.tgz#0fe8c692f207051761dec870fa43046d99c98dca"
  integrity sha512-wik8Uu92a7w3/cS8r69oHLyHTuZgVGNc+eIz0UwOi10dfpquMC0BzG8AbZzMQQEr1EryxSqNvALFY+vf199dww==
  dependencies:
    "@observablehq/inspector" "^3.2.2"
    "@observablehq/stdlib" "^3.4.1"

"@observablehq/stdlib@^3.4.1":
  version "3.4.1"
  resolved "https://registry.yarnpkg.com/@observablehq/stdlib/-/stdlib-3.4.1.tgz#39d88fb9d3b79f3c987e9a0099ac4b6ff9ea8c5d"
  integrity sha512-v0aoQV3e2NphWvkJC/jDI60bV4Nvwy8XD7PFZdzBZYmcQt/cO1ly7TVRZTHGljXdK5e7W6blFY6lNgevUwfrNw==
  dependencies:
    d3-require "^1.2.4"

d3-require@^1.2.4:
  version "1.2.4"
  resolved "https://registry.yarnpkg.com/d3-require/-/d3-require-1.2.4.tgz#59afc591d5089f99fecd8c45ef7539e1fee112b3"
  integrity sha512-8UseEGCkBkBxIMouLMPONUBmU8DUPC1q12LARV1Lk/2Jwa32SVgmRfX8GdIeR06ZP+CG85YD3N13K2s14qCNyA==

esbuild@^0.11.15:
  version "0.11.15"
  resolved "https://registry.yarnpkg.com/esbuild/-/esbuild-0.11.15.tgz#d92250e1755294f84bc7a83ed191e60baadf7b6a"
  integrity sha512-Hh40byWZZgYbiLhcoOWiOUIy8yUYQeCEA4F9feWytToD2jGfJ1X4VPf5dsqj6vRL29H3YmFqZsxIJa5q0ifB3g==

preact@^10.5.13:
  version "10.5.13"
  resolved "https://registry.yarnpkg.com/preact/-/preact-10.5.13.tgz#85f6c9197ecd736ce8e3bec044d08fd1330fa019"
  integrity sha512-q/vlKIGNwzTLu+jCcvywgGrt+H/1P/oIRSD6mV4ln3hmlC+Aa34C7yfPI4+5bzW8pONyVXYS7SvXosy2dKKtWQ==
